altgraph==0.17.5 \
    --hash=sha256:c87b395dd12fabde9c99573a9749d67da8d29ef9de0125c7f536699b4a9bc9e7 \
    --hash=sha256:f3a22400bce1b0c701683820ac4f3b159cd301acab067c51c653e06961600597
    # via
    #   macholib
    #   pyinstaller
macholib==1.16.4 \
    --hash=sha256:da1a3fa8266e30f0ce7e97c6a54eefaae8edd1e5f86f3eb8b95457cae90265ea \
    --hash=sha256:f408c93ab2e995cd2c46e34fe328b130404be143469e41bc366c807448979362
    # via pyinstaller
nuitka==4.2.2 \
    --hash=sha256:29c1bfb6f53154e620b38cf6167cbb03f54043f6e08ef7d3f2d5080a95df7e0d
    # via -r requirements-build.txt
packaging==26.3 \
    --hash=sha256:94edc256424af38762eb31306eed28beb9f0efc50a8837492c9d6fd6004aed79 \
    --hash=sha256:d7193f7c8e4e93f444fde0262bf90af30e16fa0ad0ad44cb553c87339b23cd1c
    # via
    #   pyinstaller
    #   pyinstaller-hooks-contrib
pyinstaller==6.22.3 \
    --hash=sha256:020d4fe0627f5c73dfbcfad1a6578ef354d5fe4bdccd9d8e5a615528f5a45d2b \
    --hash=sha256:052f4a1cd4f81092ccb7a18fe8ebc9ecf832a5917317e39fb3775af4e959b253 \
    --hash=sha256:05eb2f5615503e72939a7224d68b4aff572c6b0438ee4a17d0a4b481f399362d \
    --hash=sha256:312da84b4b31ab9750066a823734c11b7c68757fdd67c9f038bf19c330a954e4 \
    --hash=sha256:31df3cc4261e804a53d358b7897c293ec8b88b167a7cca06c78018085c855f97 \
    --hash=sha256:451a4ae14b719365bf1a2f0a99dae7b3463060061c3a394c70d5264cfb439528 \
    --hash=sha256:46a3e30a118341a1ec20667a5a95aa7e0aa8c4fa129893c0151b3eb3f801a722 \
    --hash=sha256:500bd58c7bf7e584a8435adccbd763a0b918d5c12b08d74ff50fd79b2915458b \
    --hash=sha256:9e4f7bd64b2103f14b4a6240fb9155e9fe7bc61391b4043bbddb7d3ebc8ab0fa \
    --hash=sha256:a2b6fc26601e8c2596c3d54981566934a3382e85d05d0fe91b55b6a8dcc6b282 \
    --hash=sha256:ea240b5dfa831ff673c97505eee0ec24670bccf71396c83109440348944c83d0 \
    --hash=sha256:f82d0fb89f21c3ed6f482ee16f341bc59e8a31dbabb9bae9ef04e53ade4dc0d9
    # via -r requirements-build.txt
pyinstaller-hooks-contrib==2026.7 \
    --hash=sha256:24257a04c7a5a7a034cf28e39dcee20fbeeb9f043076729480f2e1b69904408a \
    --hash=sha256:5fbcaacb22c4f4aac869a127dce283f67a4b4cfcc37d496f2446603e6d68aefa
    # via pyinstaller
ruff==0.16.9 \
    --hash=sha256:0e1dbc2073624dee6618d41d0098690a7244654af746704b64759e12b6b6b385 \
    --hash=sha256:12b625c6cfba78d285d9f48eda5f053374f1e53cb10ef17342a383750db99161 \
    --hash=sha256:1632eb1d6197f33bd00b1acbc5b71009e89a8895c158e2d2b03a834fac964ab6 \
    --hash=sha256:41e3870277694177429b56406d65dfbdb2c2802c52b715edaf6a0b829c69d4ee \
    --hash=sha256:447fc07e1573afff7cb02803462b12b6c8ece7cf10e2cd78565fa6d7a1c0bf8d \
    --hash=sha256:4684dded7db60aa57cb118fa158630f5feade4af5782903b6053484bdf9bd129 \
    --hash=sha256:6bd40fec8cd4c8a3d4dd589bd8ad4e6320c13c29234159bfd959a40d529d597b \
    --hash=sha256:7baa24ef5fc8e77aa93879e1d3f43754a01ae488e869f1ae30cf431afd4d2452 \
    --hash=sha256:8a3e039a6a40ed976c491722b60e0ae4a4aa1a86057f540ee7a37a5d19ae9120 \
    --hash=sha256:8adbe4e58af167f767d7b2ba5e83c42e878350796cf78c2f5e14ab9903a92588 \
    --hash=sha256:95e6f022090368ab3b824c36276839c53b2adf1a3f4c09fefc33dfc400f6da96 \
    --hash=sha256:a21713e629d3e5bdb2f5c2def1cc7f04f47fa8e1a7eb0571b4a28e1da64bc728 \
    --hash=sha256:a41aac6230aadfaa133bdfa1614488531ffa3e0837567ae04c0da2058a9c0f9e \
    --hash=sha256:a5f27be168556594a86d2f415db0cf43f5291917849318f873c7e2791f7a8c67 \
    --hash=sha256:b3f951b14d865d5952c89d40a5ca07e87abe24fa5453299878411e127748fb1c \
    --hash=sha256:c2529fb5896d49115b0e9aa8f887490b34bbe76baf879ec2264ac59406869ce7 \
    --hash=sha256:d29c934357e45642fda2f34c0b1f4025b4a6c01e15e4bf0016879d60078a142c \
    --hash=sha256:ed1a252039200f57a59eebc063b54beabea67bfbaaca0eeaa7f54b5fbcda2284
    # via -r requirements-build.txt
setuptools==84.0.0 \
    --hash=sha256:51a52592b3b99e102b609654876bd65f19f999935166d1352678931132b0c670 \
    --hash=sha256:f4695c21257f0d9b537ec2692c941d02ee143b7cc1276941349a546573b2ef73
    # via
    #   -r requirements-build.txt
    #   pyinstaller
