altgraph==0.17.5 \
    --hash=sha256:c87b395dd12fabde9c99573a9749d67da8d29ef9de0125c7f536699b4a9bc9e7 \
    --hash=sha256:f3a22400bce1b0c701683820ac4f3b159cd301acab067c51c653e06961600597
    # via
    #   macholib
    #   pyinstaller
macholib==1.16.4 \
    --hash=sha256:da1a3fa8266e30f0ce7e97c6a54eefaae8edd1e5f86f3eb8b95457cae90265ea \
    --hash=sha256:f408c93ab2e995cd2c46e34fe328b130404be143469e41bc366c807448979362
    # via pyinstaller
packaging==26.3 \
    --hash=sha256:94edc256424af38762eb31306eed28beb9f0efc50a8837492c9d6fd6004aed79 \
    --hash=sha256:d7193f7c8e4e93f444fde0262bf90af30e16fa0ad0ad44cb553c87339b23cd1c
    # via
    #   pyinstaller
    #   pyinstaller-hooks-contrib
pyinstaller==6.22.3 \
    --hash=sha256:020d4fe0627f5c73dfbcfad1a6578ef354d5fe4bdccd9d8e5a615528f5a45d2b \
    --hash=sha256:052f4a1cd4f81092ccb7a18fe8ebc9ecf832a5917317e39fb3775af4e959b253 \
    --hash=sha256:05eb2f5615503e72939a7224d68b4aff572c6b0438ee4a17d0a4b481f399362d \
    --hash=sha256:312da84b4b31ab9750066a823734c11b7c68757fdd67c9f038bf19c330a954e4 \
    --hash=sha256:31df3cc4261e804a53d358b7897c293ec8b88b167a7cca06c78018085c855f97 \
    --hash=sha256:451a4ae14b719365bf1a2f0a99dae7b3463060061c3a394c70d5264cfb439528 \
    --hash=sha256:46a3e30a118341a1ec20667a5a95aa7e0aa8c4fa129893c0151b3eb3f801a722 \
    --hash=sha256:500bd58c7bf7e584a8435adccbd763a0b918d5c12b08d74ff50fd79b2915458b \
    --hash=sha256:9e4f7bd64b2103f14b4a6240fb9155e9fe7bc61391b4043bbddb7d3ebc8ab0fa \
    --hash=sha256:a2b6fc26601e8c2596c3d54981566934a3382e85d05d0fe91b55b6a8dcc6b282 \
    --hash=sha256:ea240b5dfa831ff673c97505eee0ec24670bccf71396c83109440348944c83d0 \
    --hash=sha256:f82d0fb89f21c3ed6f482ee16f341bc59e8a31dbabb9bae9ef04e53ade4dc0d9
    # via -r requirements-build.txt
pyinstaller-hooks-contrib==2026.7 \
    --hash=sha256:24257a04c7a5a7a034cf28e39dcee20fbeeb9f043076729480f2e1b69904408a \
    --hash=sha256:5fbcaacb22c4f4aac869a127dce283f67a4b4cfcc37d496f2446603e6d68aefa
    # via pyinstaller
ruff==0.16.8 \
    --hash=sha256:15e7d226246961db9235098333caa13063906d3851136b84c2900b82f5daa1df \
    --hash=sha256:34508983c70665578dab88f5223d8e6228307e1135398ca8bfc8b7e9501e282b \
    --hash=sha256:359a1e5b495448ee1e91018064382ebc86f90e8aac2fed222c7d0e4e8df85fd2 \
    --hash=sha256:3a79b795469fef7fc6e908b218eed2eb17332afd85031db6480dc864560e69b2 \
    --hash=sha256:3fdc5563cdc50555e6fba39322850860e9267c1b3d12c26a74729d8604c3c812 \
    --hash=sha256:42ed6b878ed61e3acca92f2730a17acff39286944ea82398544696366a6f925e \
    --hash=sha256:55793ba85c69921e89be061426d91a78652d6e50317c962240922747a4eb713f \
    --hash=sha256:59e8f5681349474110b24d62e93cfda6593f5fa3473446ca3705200cac1a08b9 \
    --hash=sha256:644bb578569e0ffc575741232bd385dacdd6fbe123f1a729e7a225f54aa3957f \
    --hash=sha256:6ca111ba0849539165e9e59d2b442542f3c1e8060ebbdea82494f1ffbccb1e1f \
    --hash=sha256:6ffbd6d87383c1edf5f6fa890f10200950240d7c1a16052a19a09d3a2307dd38 \
    --hash=sha256:7ea781c7f2afba8c6a505ea0fb3f994020249e0c450635f5381286fea6b46170 \
    --hash=sha256:8efeae3bbe414a5efefda11a792dfb51ef90ac48d50c4830de2f644caf3e8659 \
    --hash=sha256:9247bf92b5f04d825c8639a4fe423ec2e4222acd9222e58412b0dab7e442798b \
    --hash=sha256:a2bf6bc3e9ebdd4449abc6f06cf64b98051a2c61cf94d2fe9596518c881f1a1e \
    --hash=sha256:a6b85621fd3c81e31fc5f5add09c9c078b430db3595ca632efafdec9e64ebfaa \
    --hash=sha256:d075e820af612102ce217f07cc93e69f9490b10ec13ea85fa87bd03d996cef8a \
    --hash=sha256:efa3e7a16d1baaa79957888dfdf8be9ef2e44db81cb032af06d76632ab59e773
    # via -r requirements-build.txt
setuptools==80.10.2 \
    --hash=sha256:8b0e9d10c784bf7d262c4e5ec5d4ec94127ce206e8738f29a437945fbc219b70 \
    --hash=sha256:95b30ddfb717250edb492926c92b5221f7ef3fbcc2b07579bcd4a27da21d0173
    # via
    #   -r requirements-build.txt
    #   pyinstaller
